
Microsoft Visual Studio Solution File, Format Version 12.00
# Visual Studio 15
VisualStudioVersion = 15.0.28307.329
MinimumVisualStudioVersion = 10.0.40219.1
Project("{FAE04EC0-301F-11D3-BF4B-00C04F79EFBC}") = "ARStatus", "ARStatus\ARStatus.csproj", "{C0B139E1-BB3F-499F-A031-22243CE41F2F}"
EndProject
Project("{FAE04EC0-301F-11D3-BF4B-00C04F79EFBC}") = "Test", "Test\Test.csproj", "{0367EB7E-E960-446E-AF26-30DFF4C6E858}"
EndProject
Global
	GlobalSection(SolutionConfigurationPlatforms) = preSolution
		Debug|Any CPU = Debug|Any CPU
		Release|Any CPU = Release|Any CPU
	EndGlobalSection
	GlobalSection(ProjectConfigurationPlatforms) = postSolution
		{C0B139E1-BB3F-499F-A031-22243CE41F2F}.Debug|Any CPU.ActiveCfg = Debug|Any CPU
		{C0B139E1-BB3F-499F-A031-22243CE41F2F}.Debug|Any CPU.Build.0 = Debug|Any CPU
		{C0B139E1-BB3F-499F-A031-22243CE41F2F}.Release|Any CPU.ActiveCfg = Release|Any CPU
		{C0B139E1-BB3F-499F-A031-22243CE41F2F}.Release|Any CPU.Build.0 = Release|Any CPU
		{0367EB7E-E960-446E-AF26-30DFF4C6E858}.Debug|Any CPU.ActiveCfg = Debug|Any CPU
		{0367EB7E-E960-446E-AF26-30DFF4C6E858}.Debug|Any CPU.Build.0 = Debug|Any CPU
		{0367EB7E-E960-446E-AF26-30DFF4C6E858}.Release|Any CPU.ActiveCfg = Release|Any CPU
		{0367EB7E-E960-446E-AF26-30DFF4C6E858}.Release|Any CPU.Build.0 = Release|Any CPU
	EndGlobalSection
	GlobalSection(SolutionProperties) = preSolution
		HideSolutionNode = FALSE
	EndGlobalSection
	GlobalSection(ExtensibilityGlobals) = postSolution
		SolutionGuid = {541EB084-5066-403B-8DB8-6650B2970138}
	EndGlobalSection
EndGlobal
